// !$*UTF8*$!
{
	archiveVersion = 1;
	classes = {
	};
	objectVersion = 46;
	objects = {

/* Begin PBXBuildFile section */
		F969301D1944C859007455E9 /* AppDelegate.swift in Sources */ = {isa = PBXBuildFile; fileRef = F969301C1944C859007455E9 /* AppDelegate.swift */; };
		F969301F1944C859007455E9 /* Images.xcassets in Resources */ = {isa = PBXBuildFile; fileRef = F969301E1944C859007455E9 /* Images.xcassets */; };
		F969302B1944C859007455E9 /* TubeTests.swift in Sources */ = {isa = PBXBuildFile; fileRef = F969302A1944C859007455E9 /* TubeTests.swift */; };
		F96930641944C94C007455E9 /* ViewController.swift in Sources */ = {isa = PBXBuildFile; fileRef = F96930631944C94C007455E9 /* ViewController.swift */; };
/* End PBXBuildFile section */

/* Begin PBXContainerItemProxy section */
		F96930251944C859007455E9 /* PBXContainerItemProxy */ = {
			isa = PBXContainerItemProxy;
			containerPortal = F969300F1944C858007455E9 /* Project object */;
			proxyType = 1;
			remoteGlobalIDString = F96930161944C859007455E9;
			remoteInfo = Tube;
		};
/* End PBXContainerItemProxy section */

/* Begin PBXFileReference section */
		F96930171944C859007455E9 /* Tube.app */ = {isa = PBXFileReference; explicitFileType = wrapper.application; includeInIndex = 0; path = Tube.app; sourceTree = BUILT_PRODUCTS_DIR; };
		F969301B1944C859007455E9 /* Info.plist */ = {isa = PBXFileReference; lastKnownFileType = text.plist.xml; path = Info.plist; sourceTree = "<group>"; };
		F969301C1944C859007455E9 /* AppDelegate.swift */ = {isa = PBXFileReference; lastKnownFileType = sourcecode.swift; path = AppDelegate.swift; sourceTree = "<group>"; };
		F969301E1944C859007455E9 /* Images.xcassets */ = {isa = PBXFileReference; lastKnownFileType = folder.assetcatalog; path = Images.xcassets; sourceTree = "<group>"; };
		F96930241944C859007455E9 /* TubeTests.xctest */ = {isa = PBXFileReference; explicitFileType = wrapper.cfbundle; includeInIndex = 0; path = TubeTests.xctest; sourceTree = BUILT_PRODUCTS_DIR; };
		F96930291944C859007455E9 /* Info.plist */ = {isa = PBXFileReference; lastKnownFileType = text.plist.xml; path = Info.plist; sourceTree = "<group>"; };
		F969302A1944C859007455E9 /* TubeTests.swift */ = {isa = PBXFileReference; lastKnownFileType = sourcecode.swift; path = TubeTests.swift; sourceTree = "<group>"; };
		F96930631944C94C007455E9 /* ViewController.swift */ = {isa = PBXFileReference; fileEncoding = 4; lastKnownFileType = sourcecode.swift; path = ViewController.swift; sourceTree = "<group>"; };
/* End PBXFileReference section */

/* Begin PBXFrameworksBuildPhase section */
		F96930141944C859007455E9 /* Frameworks */ = {
			isa = PBXFrameworksBuildPhase;
			buildActionMask = 2147483647;
			files = (
			);
			runOnlyForDeploymentPostprocessing = 0;
		};
		F96930211944C859007455E9 /* Frameworks */ = {
			isa = PBXFrameworksBuildPhase;
			buildActionMask = 2147483647;
			files = (
			);
			runOnlyForDeploymentPostprocessing = 0;
		};
/* End PBXFrameworksBuildPhase section */

/* Begin PBXGroup section */
		F969300E1944C858007455E9 = {
			isa = PBXGroup;
			children = (
				F96930191944C859007455E9 /* Tube */,
				F96930271944C859007455E9 /* TubeTests */,
				F96930181944C859007455E9 /* Products */,
			);
			sourceTree = "<group>";
		};
		F96930181944C859007455E9 /* Products */ = {
			isa = PBXGroup;
			children = (
				F96930171944C859007455E9 /* Tube.app */,
				F96930241944C859007455E9 /* TubeTests.xctest */,
			);
			name = Products;
			sourceTree = "<group>";
		};
		F96930191944C859007455E9 /* Tube */ = {
			isa = PBXGroup;
			children = (
				F969301C1944C859007455E9 /* AppDelegate.swift */,
				F969301E1944C859007455E9 /* Images.xcassets */,
				F969301A1944C859007455E9 /* Supporting Files */,
				F96930631944C94C007455E9 /* ViewController.swift */,
			);
			path = Tube;
			sourceTree = "<group>";
		};
		F969301A1944C859007455E9 /* Supporting Files */ = {
			isa = PBXGroup;
			children = (
				F969301B1944C859007455E9 /* Info.plist */,
			);
			name = "Supporting Files";
			sourceTree = "<group>";
		};
		F96930271944C859007455E9 /* TubeTests */ = {
			isa = PBXGroup;
			children = (
				F969302A1944C859007455E9 /* TubeTests.swift */,
				F96930281944C859007455E9 /* Supporting Files */,
			);
			path = TubeTests;
			sourceTree = "<group>";
		};
		F96930281944C859007455E9 /* Supporting Files */ = {
			isa = PBXGroup;
			children = (
				F96930291944C859007455E9 /* Info.plist */,
			);
			name = "Supporting Files";
			sourceTree = "<group>";
		};
/* End PBXGroup section */

/* Begin PBXNativeTarget section */
		F96930161944C859007455E9 /* Tube */ = {
			isa = PBXNativeTarget;
			buildConfigurationList = F969302E1944C859007455E9 /* Build configuration list for PBXNativeTarget "Tube" */;
			buildPhases = (
				F96930131944C859007455E9 /* Sources */,
				F96930141944C859007455E9 /* Frameworks */,
				F96930151944C859007455E9 /* Resources */,
			);
			buildRules = (
			);
			dependencies = (
			);
			name = Tube;
			productName = Tube;
			productReference = F96930171944C859007455E9 /* Tube.app */;
			productType = "com.apple.product-type.application";
		};
		F96930231944C859007455E9 /* TubeTests */ = {
			isa = PBXNativeTarget;
			buildConfigurationList = F96930311944C859007455E9 /* Build configuration list for PBXNativeTarget "TubeTests" */;
			buildPhases = (
				F96930201944C859007455E9 /* Sources */,
				F96930211944C859007455E9 /* Frameworks */,
				F96930221944C859007455E9 /* Resources */,
			);
			buildRules = (
			);
			dependencies = (
				F96930261944C859007455E9 /* PBXTargetDependency */,
			);
			name = TubeTests;
			productName = TubeTests;
			productReference = F96930241944C859007455E9 /* TubeTests.xctest */;
			productType = "com.apple.product-type.bundle.unit-test";
		};
/* End PBXNativeTarget section */

/* Begin PBXProject section */
		F969300F1944C858007455E9 /* Project object */ = {
			isa = PBXProject;
			attributes = {
				LastUpgradeCheck = 0600;
				ORGANIZATIONNAME = Nono;
				TargetAttributes = {
					F96930161944C859007455E9 = {
						CreatedOnToolsVersion = 6.0;
					};
					F96930231944C859007455E9 = {
						CreatedOnToolsVersion = 6.0;
						TestTargetID = F96930161944C859007455E9;
					};
				};
			};
			buildConfigurationList = F96930121944C858007455E9 /* Build configuration list for PBXProject "Tube" */;
			compatibilityVersion = "Xcode 3.2";
			developmentRegion = English;
			hasScannedForEncodings = 0;
			knownRegions = (
				en,
			);
			mainGroup = F969300E1944C858007455E9;
			productRefGroup = F96930181944C859007455E9 /* Products */;
			projectDirPath = "";
			projectRoot = "";
			targets = (
				F96930161944C859007455E9 /* Tube */,
				F96930231944C859007455E9 /* TubeTests */,
			);
		};
/* End PBXProject section */

/* Begin PBXResourcesBuildPhase section */
		F96930151944C859007455E9 /* Resources */ = {
			isa = PBXResourcesBuildPhase;
			buildActionMask = 2147483647;
			files = (
				F969301F1944C859007455E9 /* Images.xcassets in Resources */,
			);
			runOnlyForDeploymentPostprocessing = 0;
		};
		F96930221944C859007455E9 /* Resources */ = {
			isa = PBXResourcesBuildPhase;
			buildActionMask = 2147483647;
			files = (
			);
			runOnlyForDeploymentPostprocessing = 0;
		};
/* End PBXResourcesBuildPhase section */

/* Begin PBXSourcesBuildPhase section */
		F96930131944C859007455E9 /* Sources */ = {
			isa = PBXSourcesBuildPhase;
			buildActionMask = 2147483647;
			files = (
				F96930641944C94C007455E9 /* ViewController.swift in Sources */,
				F969301D1944C859007455E9 /* AppDelegate.swift in Sources */,
			);
			runOnlyForDeploymentPostprocessing = 0;
		};
		F96930201944C859007455E9 /* Sources */ = {
			isa = PBXSourcesBuildPhase;
			buildActionMask = 2147483647;
			files = (
				F969302B1944C859007455E9 /* TubeTests.swift in Sources */,
			);
			runOnlyForDeploymentPostprocessing = 0;
		};
/* End PBXSourcesBuildPhase section */

/* Begin PBXTargetDependency section */
		F96930261944C859007455E9 /* PBXTargetDependency */ = {
			isa = PBXTargetDependency;
			target = F96930161944C859007455E9 /* Tube */;
			targetProxy = F96930251944C859007455E9 /* PBXContainerItemProxy */;
		};
/* End PBXTargetDependency section */

/* Begin XCBuildConfiguration section */
		F969302C1944C859007455E9 /* Debug */ = {
			isa = XCBuildConfiguration;
			buildSettings = {
				ALWAYS_SEARCH_USER_PATHS = NO;
				CLANG_CXX_LANGUAGE_STANDARD = "gnu++0x";
				CLANG_CXX_LIBRARY = "libc++";
				CLANG_ENABLE_MODULES = YES;
				CLANG_ENABLE_OBJC_ARC = YES;
				CLANG_WARN_BOOL_CONVERSION = YES;
				CLANG_WARN_CONSTANT_CONVERSION = YES;
				CLANG_WARN_DIRECT_OBJC_ISA_USAGE = YES_ERROR;
				CLANG_WARN_EMPTY_BODY = YES;
				CLANG_WARN_ENUM_CONVERSION = YES;
				CLANG_WARN_INT_CONVERSION = YES;
				CLANG_WARN_OBJC_ROOT_CLASS = YES_ERROR;
				CLANG_WARN_UNREACHABLE_CODE = YES;
				CLANG_WARN__DUPLICATE_METHOD_MATCH = YES;
				"CODE_SIGN_IDENTITY[sdk=iphoneos*]" = "iPhone Developer";
				COPY_PHASE_STRIP = NO;
				ENABLE_STRICT_OBJC_MSGSEND = YES;
				GCC_C_LANGUAGE_STANDARD = gnu99;
				GCC_DYNAMIC_NO_PIC = NO;
				GCC_OPTIMIZATION_LEVEL = 0;
				GCC_PREPROCESSOR_DEFINITIONS = (
					"DEBUG=1",
					"$(inherited)",
				);
				GCC_SYMBOLS_PRIVATE_EXTERN = NO;
				GCC_WARN_64_TO_32_BIT_CONVERSION = YES;
				GCC_WARN_ABOUT_RETURN_TYPE = YES_ERROR;
				GCC_WARN_UNDECLARED_SELECTOR = YES;
				GCC_WARN_UNINITIALIZED_AUTOS = YES_AGGRESSIVE;
				GCC_WARN_UNUSED_FUNCTION = YES;
				GCC_WARN_UNUSED_VARIABLE = YES;
				IPHONEOS_DEPLOYMENT_TARGET = 8.0;
				METAL_ENABLE_DEBUG_INFO = YES;
				ONLY_ACTIVE_ARCH = YES;
				SDKROOT = iphoneos;
				SWIFT_OPTIMIZATION_LEVEL = "-Onone";
			};
			name = Debug;
		};
		F969302D1944C859007455E9 /* Release */ = {
			isa = XCBuildConfiguration;
			buildSettings = {
				ALWAYS_SEARCH_USER_PATHS = NO;
				CLANG_CXX_LANGUAGE_STANDARD = "gnu++0x";
				CLANG_CXX_LIBRARY = "libc++";
				CLANG_ENABLE_MODULES = YES;
				CLANG_ENABLE_OBJC_ARC = YES;
				CLANG_WARN_BOOL_CONVERSION = YES;
				CLANG_WARN_CONSTANT_CONVERSION = YES;
				CLANG_WARN_DIRECT_OBJC_ISA_USAGE = YES_ERROR;
				CLANG_WARN_EMPTY_BODY = YES;
				CLANG_WARN_ENUM_CONVERSION = YES;
				CLANG_WARN_INT_CONVERSION = YES;
				CLANG_WARN_OBJC_ROOT_CLASS = YES_ERROR;
				CLANG_WARN_UNREACHABLE_CODE = YES;
				CLANG_WARN__DUPLICATE_METHOD_MATCH = YES;
				"CODE_SIGN_IDENTITY[sdk=iphoneos*]" = "iPhone Developer";
				COPY_PHASE_STRIP = YES;
				ENABLE_NS_ASSERTIONS = NO;
				ENABLE_STRICT_OBJC_MSGSEND = YES;
				GCC_C_LANGUAGE_STANDARD = gnu99;
				GCC_WARN_64_TO_32_BIT_CONVERSION = YES;
				GCC_WARN_ABOUT_RETURN_TYPE = YES_ERROR;
				GCC_WARN_UNDECLARED_SELECTOR = YES;
				GCC_WARN_UNINITIALIZED_AUTOS = YES_AGGRESSIVE;
				GCC_WARN_UNUSED_FUNCTION = YES;
				GCC_WARN_UNUSED_VARIABLE = YES;
				IPHONEOS_DEPLOYMENT_TARGET = 8.0;
				METAL_ENABLE_DEBUG_INFO = NO;
				SDKROOT = iphoneos;
				VALIDATE_PRODUCT = YES;
			};
			name = Release;
		};
		F969302F1944C859007455E9 /* Debug */ = {
			isa = XCBuildConfiguration;
			buildSettings = {
				ASSETCATALOG_COMPILER_APPICON_NAME = AppIcon;
				ASSETCATALOG_COMPILER_LAUNCHIMAGE_NAME = LaunchImage;
				INFOPLIST_FILE = Tube/Info.plist;
				LD_RUNPATH_SEARCH_PATHS = "$(inherited) @executable_path/Frameworks";
				PRODUCT_NAME = "$(TARGET_NAME)";
			};
			name = Debug;
		};
		F96930301944C859007455E9 /* Release */ = {
			isa = XCBuildConfiguration;
			buildSettings = {
				ASSETCATALOG_COMPILER_APPICON_NAME = AppIcon;
				ASSETCATALOG_COMPILER_LAUNCHIMAGE_NAME = LaunchImage;
				INFOPLIST_FILE = Tube/Info.plist;
				LD_RUNPATH_SEARCH_PATHS = "$(inherited) @executable_path/Frameworks";
				PRODUCT_NAME = "$(TARGET_NAME)";
			};
			name = Release;
		};
		F96930321944C859007455E9 /* Debug */ = {
			isa = XCBuildConfiguration;
			buildSettings = {
				BUNDLE_LOADER = "$(BUILT_PRODUCTS_DIR)/Tube.app/Tube";
				FRAMEWORK_SEARCH_PATHS = (
					"$(SDKROOT)/Developer/Library/Frameworks",
					"$(inherited)",
				);
				GCC_PREPROCESSOR_DEFINITIONS = (
					"DEBUG=1",
					"$(inherited)",
				);
				INFOPLIST_FILE = TubeTests/Info.plist;
				LD_RUNPATH_SEARCH_PATHS = "$(inherited) @executable_path/Frameworks @loader_path/Frameworks";
				METAL_ENABLE_DEBUG_INFO = YES;
				PRODUCT_NAME = "$(TARGET_NAME)";
				TEST_HOST = "$(BUNDLE_LOADER)";
			};
			name = Debug;
		};
		F96930331944C859007455E9 /* Release */ = {
			isa = XCBuildConfiguration;
			buildSettings = {
				BUNDLE_LOADER = "$(BUILT_PRODUCTS_DIR)/Tube.app/Tube";
				FRAMEWORK_SEARCH_PATHS = (
					"$(SDKROOT)/Developer/Library/Frameworks",
					"$(inherited)",
				);
				INFOPLIST_FILE = TubeTests/Info.plist;
				LD_RUNPATH_SEARCH_PATHS = "$(inherited) @executable_path/Frameworks @loader_path/Frameworks";
				METAL_ENABLE_DEBUG_INFO = NO;
				PRODUCT_NAME = "$(TARGET_NAME)";
				TEST_HOST = "$(BUNDLE_LOADER)";
			};
			name = Release;
		};
/* End XCBuildConfiguration section */

/* Begin XCConfigurationList section */
		F96930121944C858007455E9 /* Build configuration list for PBXProject "Tube" */ = {
			isa = XCConfigurationList;
			buildConfigurations = (
				F969302C1944C859007455E9 /* Debug */,
				F969302D1944C859007455E9 /* Release */,
			);
			defaultConfigurationIsVisible = 0;
			defaultConfigurationName = Release;
		};
		F969302E1944C859007455E9 /* Build configuration list for PBXNativeTarget "Tube" */ = {
			isa = XCConfigurationList;
			buildConfigurations = (
				F969302F1944C859007455E9 /* Debug */,
				F96930301944C859007455E9 /* Release */,
			);
			defaultConfigurationIsVisible = 0;
		};
		F96930311944C859007455E9 /* Build configuration list for PBXNativeTarget "TubeTests" */ = {
			isa = XCConfigurationList;
			buildConfigurations = (
				F96930321944C859007455E9 /* Debug */,
				F96930331944C859007455E9 /* Release */,
			);
			defaultConfigurationIsVisible = 0;
		};
/* End XCConfigurationList section */
	};
	rootObject = F969300F1944C858007455E9 /* Project object */;
}
